
Microsoft Visual Studio Solution File, Format Version 12.00
# Visual Studio Version 17
VisualStudioVersion = 17.0.31808.319
MinimumVisualStudioVersion = 10.0.40219.1
Project("{FAE04EC0-301F-11D3-BF4B-00C04F79EFBC}") = "StoreClass", "StoreClass.csproj", "{F8D8856E-0467-4E81-BAE6-4640D65077A8}"
EndProject
Global
	GlobalSection(SolutionConfigurationPlatforms) = preSolution
		Debug|Any CPU = Debug|Any CPU
		Release|Any CPU = Release|Any CPU
	EndGlobalSection
	GlobalSection(ProjectConfigurationPlatforms) = postSolution
		{F8D8856E-0467-4E81-BAE6-4640D65077A8}.Debug|Any CPU.ActiveCfg = Debug|Any CPU
		{F8D8856E-0467-4E81-BAE6-4640D65077A8}.Debug|Any CPU.Build.0 = Debug|Any CPU
		{F8D8856E-0467-4E81-BAE6-4640D65077A8}.Release|Any CPU.ActiveCfg = Release|Any CPU
		{F8D8856E-0467-4E81-BAE6-4640D65077A8}.Release|Any CPU.Build.0 = Release|Any CPU
	EndGlobalSection
	GlobalSection(SolutionProperties) = preSolution
		HideSolutionNode = FALSE
	EndGlobalSection
	GlobalSection(ExtensibilityGlobals) = postSolution
		SolutionGuid = {C91E7AB7-6E28-4EA0-A2A3-B9E4581EB63F}
	EndGlobalSection
EndGlobal
